
Microsoft Visual Studio Solution File, Format Version 12.00
# Visual Studio 14
VisualStudioVersion = 14.0.25420.1
MinimumVisualStudioVersion = 10.0.40219.1
Project("{FAE04EC0-301F-11D3-BF4B-00C04F79EFBC}") = "Delegates", "Delegates\Delegates.csproj", "{B6ED6591-462D-45E0-9660-B2233121F80B}"
EndProject
Project("{FAE04EC0-301F-11D3-BF4B-00C04F79EFBC}") = "CovarianceContravariance", "CovarianceContravariance\CovarianceContravariance.csproj", "{2812DAD5-0E03-48DA-8140-04349B95D43B}"
EndProject
Global
	GlobalSection(SolutionConfigurationPlatforms) = preSolution
		Debug|Any CPU = Debug|Any CPU
		Release|Any CPU = Release|Any CPU
	EndGlobalSection
	GlobalSection(ProjectConfigurationPlatforms) = postSolution
		{B6ED6591-462D-45E0-9660-B2233121F80B}.Debug|Any CPU.ActiveCfg = Debug|Any CPU
		{B6ED6591-462D-45E0-9660-B2233121F80B}.Debug|Any CPU.Build.0 = Debug|Any CPU
		{B6ED6591-462D-45E0-9660-B2233121F80B}.Release|Any CPU.ActiveCfg = Release|Any CPU
		{B6ED6591-462D-45E0-9660-B2233121F80B}.Release|Any CPU.Build.0 = Release|Any CPU
		{2812DAD5-0E03-48DA-8140-04349B95D43B}.Debug|Any CPU.ActiveCfg = Debug|Any CPU
		{2812DAD5-0E03-48DA-8140-04349B95D43B}.Debug|Any CPU.Build.0 = Debug|Any CPU
		{2812DAD5-0E03-48DA-8140-04349B95D43B}.Release|Any CPU.ActiveCfg = Release|Any CPU
		{2812DAD5-0E03-48DA-8140-04349B95D43B}.Release|Any CPU.Build.0 = Release|Any CPU
	EndGlobalSection
	GlobalSection(SolutionProperties) = preSolution
		HideSolutionNode = FALSE
	EndGlobalSection
EndGlobal
